// !$*UTF8*$!
{
	archiveVersion = 1;
	classes = {
	};
	objectVersion = 46;
	objects = {

/* Begin PBXBuildFile section */
		A42603591EEA17A000219A77 /* AppDelegate.swift in Sources */ = {isa = PBXBuildFile; fileRef = A42603581EEA17A000219A77 /* AppDelegate.swift */; };
		A426035B1EEA17A000219A77 /* ViewController.swift in Sources */ = {isa = PBXBuildFile; fileRef = A426035A1EEA17A000219A77 /* ViewController.swift */; };
		A426035E1EEA17A000219A77 /* Main.storyboard in Resources */ = {isa = PBXBuildFile; fileRef = A426035C1EEA17A000219A77 /* Main.storyboard */; };
		A42603611EEA17A000219A77 /* Foo.xcdatamodeld in Sources */ = {isa = PBXBuildFile; fileRef = A426035F1EEA17A000219A77 /* Foo.xcdatamodeld */; };
		A42603631EEA17A000219A77 /* Assets.xcassets in Resources */ = {isa = PBXBuildFile; fileRef = A42603621EEA17A000219A77 /* Assets.xcassets */; };
		A42603661EEA17A000219A77 /* LaunchScreen.storyboard in Resources */ = {isa = PBXBuildFile; fileRef = A42603641EEA17A000219A77 /* LaunchScreen.storyboard */; };
/* End PBXBuildFile section */

/* Begin PBXFileReference section */
		A42603551EEA17A000219A77 /* Foo.app */ = {isa = PBXFileReference; explicitFileType = wrapper.application; includeInIndex = 0; path = Foo.app; sourceTree = BUILT_PRODUCTS_DIR; };
		A42603581EEA17A000219A77 /* AppDelegate.swift */ = {isa = PBXFileReference; lastKnownFileType = sourcecode.swift; path = AppDelegate.swift; sourceTree = "<group>"; };
		A426035A1EEA17A000219A77 /* ViewController.swift */ = {isa = PBXFileReference; lastKnownFileType = sourcecode.swift; path = ViewController.swift; sourceTree = "<group>"; };
		A426035D1EEA17A000219A77 /* Base */ = {isa = PBXFileReference; lastKnownFileType = file.storyboard; name = Base; path = Base.lproj/Main.storyboard; sourceTree = "<group>"; };
		A42603601EEA17A000219A77 /* Foo.xcdatamodel */ = {isa = PBXFileReference; lastKnownFileType = wrapper.xcdatamodel; path = Foo.xcdatamodel; sourceTree = "<group>"; };
		A42603621EEA17A000219A77 /* Assets.xcassets */ = {isa = PBXFileReference; lastKnownFileType = folder.assetcatalog; path = Assets.xcassets; sourceTree = "<group>"; };
		A42603651EEA17A000219A77 /* Base */ = {isa = PBXFileReference; lastKnownFileType = file.storyboard; name = Base; path = Base.lproj/LaunchScreen.storyboard; sourceTree = "<group>"; };
		A42603671EEA17A000219A77 /* Info.plist */ = {isa = PBXFileReference; lastKnownFileType = text.plist.xml; path = Info.plist; sourceTree = "<group>"; };
/* End PBXFileReference section */

/* Begin PBXFrameworksBuildPhase section */
		A42603521EEA17A000219A77 /* Frameworks */ = {
			isa = PBXFrameworksBuildPhase;
			buildActionMask = 2147483647;
			files = (
			);
			runOnlyForDeploymentPostprocessing = 0;
		};
/* End PBXFrameworksBuildPhase section */

/* Begin PBXGroup section */
		A426034C1EEA17A000219A77 = {
			isa = PBXGroup;
			children = (
				A42603571EEA17A000219A77 /* Foo */,
				A42603561EEA17A000219A77 /* Products */,
			);
			sourceTree = "<group>";
		};
		A42603561EEA17A000219A77 /* Products */ = {
			isa = PBXGroup;
			children = (
				A42603551EEA17A000219A77 /* Foo.app */,
			);
			name = Products;
			sourceTree = "<group>";
		};
		A42603571EEA17A000219A77 /* Foo */ = {
			isa = PBXGroup;
			children = (
				A42603581EEA17A000219A77 /* AppDelegate.swift */,
				A426035A1EEA17A000219A77 /* ViewController.swift */,
				A426035C1EEA17A000219A77 /* Main.storyboard */,
				A42603621EEA17A000219A77 /* Assets.xcassets */,
				A42603641EEA17A000219A77 /* LaunchScreen.storyboard */,
				A42603671EEA17A000219A77 /* Info.plist */,
				A426035F1EEA17A000219A77 /* Foo.xcdatamodeld */,
			);
			path = Foo;
			sourceTree = "<group>";
		};
/* End PBXGroup section */

/* Begin PBXNativeTarget section */
		A42603541EEA17A000219A77 /* Foo */ = {
			isa = PBXNativeTarget;
			buildConfigurationList = A426036A1EEA17A000219A77 /* Build configuration list for PBXNativeTarget "Foo" */;
			buildPhases = (
				A42603511EEA17A000219A77 /* Sources */,
				A42603521EEA17A000219A77 /* Frameworks */,
				A42603531EEA17A000219A77 /* Resources */,
			);
			buildRules = (
			);
			dependencies = (
			);
			name = Foo;
			productName = Foo;
			productReference = A42603551EEA17A000219A77 /* Foo.app */;
			productType = "com.apple.product-type.application";
		};
/* End PBXNativeTarget section */

/* Begin PBXProject section */
		A426034D1EEA17A000219A77 /* Project object */ = {
			isa = PBXProject;
			attributes = {
				LastSwiftUpdateCheck = 0830;
				LastUpgradeCheck = 0830;
				ORGANIZATIONNAME = Machinarist;
				TargetAttributes = {
					A42603541EEA17A000219A77 = {
						CreatedOnToolsVersion = 8.3.3;
						DevelopmentTeam = K85JS5MBA8;
						ProvisioningStyle = Automatic;
					};
				};
			};
			buildConfigurationList = A42603501EEA17A000219A77 /* Build configuration list for PBXProject "Foo" */;
			compatibilityVersion = "Xcode 3.2";
			developmentRegion = English;
			hasScannedForEncodings = 0;
			knownRegions = (
				en,
				Base,
			);
			mainGroup = A426034C1EEA17A000219A77;
			productRefGroup = A42603561EEA17A000219A77 /* Products */;
			projectDirPath = "";
			projectRoot = "";
			targets = (
				A42603541EEA17A000219A77 /* Foo */,
			);
		};
/* End PBXProject section */

/* Begin PBXResourcesBuildPhase section */
		A42603531EEA17A000219A77 /* Resources */ = {
			isa = PBXResourcesBuildPhase;
			buildActionMask = 2147483647;
			files = (
				A42603661EEA17A000219A77 /* LaunchScreen.storyboard in Resources */,
				A42603631EEA17A000219A77 /* Assets.xcassets in Resources */,
				A426035E1EEA17A000219A77 /* Main.storyboard in Resources */,
			);
			runOnlyForDeploymentPostprocessing = 0;
		};
/* End PBXResourcesBuildPhase section */

/* Begin PBXSourcesBuildPhase section */
		A42603511EEA17A000219A77 /* Sources */ = {
			isa = PBXSourcesBuildPhase;
			buildActionMask = 2147483647;
			files = (
				A42603611EEA17A000219A77 /* Foo.xcdatamodeld in Sources */,
				A426035B1EEA17A000219A77 /* ViewController.swift in Sources */,
				A42603591EEA17A000219A77 /* AppDelegate.swift in Sources */,
			);
			runOnlyForDeploymentPostprocessing = 0;
		};
/* End PBXSourcesBuildPhase section */

/* Begin PBXVariantGroup section */
		A426035C1EEA17A000219A77 /* Main.storyboard */ = {
			isa = PBXVariantGroup;
			children = (
				A426035D1EEA17A000219A77 /* Base */,
			);
			name = Main.storyboard;
			sourceTree = "<group>";
		};
		A42603641EEA17A000219A77 /* LaunchScreen.storyboard */ = {
			isa = PBXVariantGroup;
			children = (
				A42603651EEA17A000219A77 /* Base */,
			);
			name = LaunchScreen.storyboard;
			sourceTree = "<group>";
		};
/* End PBXVariantGroup section */

/* Begin XCBuildConfiguration section */
		A42603681EEA17A000219A77 /* Debug */ = {
			isa = XCBuildConfiguration;
			buildSettings = {
				ALWAYS_SEARCH_USER_PATHS = NO;
				CLANG_ANALYZER_NONNULL = YES;
				CLANG_ANALYZER_NUMBER_OBJECT_CONVERSION = YES_AGGRESSIVE;
				CLANG_CXX_LANGUAGE_STANDARD = "gnu++0x";
				CLANG_CXX_LIBRARY = "libc++";
				CLANG_ENABLE_MODULES = YES;
				CLANG_ENABLE_OBJC_ARC = YES;
				CLANG_WARN_BOOL_CONVERSION = YES;
				CLANG_WARN_CONSTANT_CONVERSION = YES;
				CLANG_WARN_DIRECT_OBJC_ISA_USAGE = YES_ERROR;
				CLANG_WARN_DOCUMENTATION_COMMENTS = YES;
				CLANG_WARN_EMPTY_BODY = YES;
				CLANG_WARN_ENUM_CONVERSION = YES;
				CLANG_WARN_INFINITE_RECURSION = YES;
				CLANG_WARN_INT_CONVERSION = YES;
				CLANG_WARN_OBJC_ROOT_CLASS = YES_ERROR;
				CLANG_WARN_SUSPICIOUS_MOVE = YES;
				CLANG_WARN_UNREACHABLE_CODE = YES;
				CLANG_WARN__DUPLICATE_METHOD_MATCH = YES;
				"CODE_SIGN_IDENTITY[sdk=iphoneos*]" = "iPhone Developer";
				COPY_PHASE_STRIP = NO;
				DEBUG_INFORMATION_FORMAT = dwarf;
				ENABLE_STRICT_OBJC_MSGSEND = YES;
				ENABLE_TESTABILITY = YES;
				GCC_C_LANGUAGE_STANDARD = gnu99;
				GCC_DYNAMIC_NO_PIC = NO;
				GCC_NO_COMMON_BLOCKS = YES;
				GCC_OPTIMIZATION_LEVEL = 0;
				GCC_PREPROCESSOR_DEFINITIONS = (
					"DEBUG=1",
					"$(inherited)",
				);
				GCC_WARN_64_TO_32_BIT_CONVERSION = YES;
				GCC_WARN_ABOUT_RETURN_TYPE = YES_ERROR;
				GCC_WARN_UNDECLARED_SELECTOR = YES;
				GCC_WARN_UNINITIALIZED_AUTOS = YES_AGGRESSIVE;
				GCC_WARN_UNUSED_FUNCTION = YES;
				GCC_WARN_UNUSED_VARIABLE = YES;
				IPHONEOS_DEPLOYMENT_TARGET = 10.3;
				MTL_ENABLE_DEBUG_INFO = YES;
				ONLY_ACTIVE_ARCH = YES;
				SDKROOT = iphoneos;
				SWIFT_ACTIVE_COMPILATION_CONDITIONS = DEBUG;
				SWIFT_OPTIMIZATION_LEVEL = "-Onone";
			};
			name = Debug;
		};
		A42603691EEA17A000219A77 /* Release */ = {
			isa = XCBuildConfiguration;
			buildSettings = {
				ALWAYS_SEARCH_USER_PATHS = NO;
				CLANG_ANALYZER_NONNULL = YES;
				CLANG_ANALYZER_NUMBER_OBJECT_CONVERSION = YES_AGGRESSIVE;
				CLANG_CXX_LANGUAGE_STANDARD = "gnu++0x";
				CLANG_CXX_LIBRARY = "libc++";
				CLANG_ENABLE_MODULES = YES;
				CLANG_ENABLE_OBJC_ARC = YES;
				CLANG_WARN_BOOL_CONVERSION = YES;
				CLANG_WARN_CONSTANT_CONVERSION = YES;
				CLANG_WARN_DIRECT_OBJC_ISA_USAGE = YES_ERROR;
				CLANG_WARN_DOCUMENTATION_COMMENTS = YES;
				CLANG_WARN_EMPTY_BODY = YES;
				CLANG_WARN_ENUM_CONVERSION = YES;
				CLANG_WARN_INFINITE_RECURSION = YES;
				CLANG_WARN_INT_CONVERSION = YES;
				CLANG_WARN_OBJC_ROOT_CLASS = YES_ERROR;
				CLANG_WARN_SUSPICIOUS_MOVE = YES;
				CLANG_WARN_UNREACHABLE_CODE = YES;
				CLANG_WARN__DUPLICATE_METHOD_MATCH = YES;
				"CODE_SIGN_IDENTITY[sdk=iphoneos*]" = "iPhone Developer";
				COPY_PHASE_STRIP = NO;
				DEBUG_INFORMATION_FORMAT = "dwarf-with-dsym";
				ENABLE_NS_ASSERTIONS = NO;
				ENABLE_STRICT_OBJC_MSGSEND = YES;
				GCC_C_LANGUAGE_STANDARD = gnu99;
				GCC_NO_COMMON_BLOCKS = YES;
				GCC_WARN_64_TO_32_BIT_CONVERSION = YES;
				GCC_WARN_ABOUT_RETURN_TYPE = YES_ERROR;
				GCC_WARN_UNDECLARED_SELECTOR = YES;
				GCC_WARN_UNINITIALIZED_AUTOS = YES_AGGRESSIVE;
				GCC_WARN_UNUSED_FUNCTION = YES;
				GCC_WARN_UNUSED_VARIABLE = YES;
				IPHONEOS_DEPLOYMENT_TARGET = 10.3;
				MTL_ENABLE_DEBUG_INFO = NO;
				SDKROOT = iphoneos;
				SWIFT_OPTIMIZATION_LEVEL = "-Owholemodule";
				VALIDATE_PRODUCT = YES;
			};
			name = Release;
		};
		A426036B1EEA17A000219A77 /* Debug */ = {
			isa = XCBuildConfiguration;
			buildSettings = {
				ASSETCATALOG_COMPILER_APPICON_NAME = AppIcon;
				DEVELOPMENT_TEAM = K85JS5MBA8;
				INFOPLIST_FILE = Foo/Info.plist;
				LD_RUNPATH_SEARCH_PATHS = "$(inherited) @executable_path/Frameworks";
				PRODUCT_BUNDLE_IDENTIFIER = Machinarist.Foo;
				PRODUCT_NAME = "$(TARGET_NAME)";
				SWIFT_VERSION = 3.0;
			};
			name = Debug;
		};
		A426036C1EEA17A000219A77 /* Release */ = {
			isa = XCBuildConfiguration;
			buildSettings = {
				ASSETCATALOG_COMPILER_APPICON_NAME = AppIcon;
				DEVELOPMENT_TEAM = K85JS5MBA8;
				INFOPLIST_FILE = Foo/Info.plist;
				LD_RUNPATH_SEARCH_PATHS = "$(inherited) @executable_path/Frameworks";
				PRODUCT_BUNDLE_IDENTIFIER = Machinarist.Foo;
				PRODUCT_NAME = "$(TARGET_NAME)";
				SWIFT_VERSION = 3.0;
			};
			name = Release;
		};
/* End XCBuildConfiguration section */

/* Begin XCConfigurationList section */
		A42603501EEA17A000219A77 /* Build configuration list for PBXProject "Foo" */ = {
			isa = XCConfigurationList;
			buildConfigurations = (
				A42603681EEA17A000219A77 /* Debug */,
				A42603691EEA17A000219A77 /* Release */,
			);
			defaultConfigurationIsVisible = 0;
			defaultConfigurationName = Release;
		};
		A426036A1EEA17A000219A77 /* Build configuration list for PBXNativeTarget "Foo" */ = {
			isa = XCConfigurationList;
			buildConfigurations = (
				A426036B1EEA17A000219A77 /* Debug */,
				A426036C1EEA17A000219A77 /* Release */,
			);
			defaultConfigurationIsVisible = 0;
		};
/* End XCConfigurationList section */

/* Begin XCVersionGroup section */
		A426035F1EEA17A000219A77 /* Foo.xcdatamodeld */ = {
			isa = XCVersionGroup;
			children = (
				A42603601EEA17A000219A77 /* Foo.xcdatamodel */,
			);
			currentVersion = A42603601EEA17A000219A77 /* Foo.xcdatamodel */;
			path = Foo.xcdatamodeld;
			sourceTree = "<group>";
			versionGroupType = wrapper.xcdatamodel;
		};
/* End XCVersionGroup section */
	};
	rootObject = A426034D1EEA17A000219A77 /* Project object */;
}
